
Microsoft Visual Studio Solution File, Format Version 12.00
# Visual Studio 15
VisualStudioVersion = 15.0.26124.0
MinimumVisualStudioVersion = 15.0.26124.0
Project("{FAE04EC0-301F-11D3-BF4B-00C04F79EFBC}") = "SamuraiApp.Domain", "SamuraiApp.Domain\SamuraiApp.Domain.csproj", "{A0608995-F385-4015-9847-FC5D5B44EB97}"
EndProject
Project("{FAE04EC0-301F-11D3-BF4B-00C04F79EFBC}") = "SamuraiApp.Data", "SamuraiApp.Data\SamuraiApp.Data.csproj", "{559C2247-285B-405E-9DC5-6A6C09FDC59E}"
EndProject
Global
	GlobalSection(SolutionConfigurationPlatforms) = preSolution
		Debug|Any CPU = Debug|Any CPU
		Debug|x64 = Debug|x64
		Debug|x86 = Debug|x86
		Release|Any CPU = Release|Any CPU
		Release|x64 = Release|x64
		Release|x86 = Release|x86
	EndGlobalSection
	GlobalSection(SolutionProperties) = preSolution
		HideSolutionNode = FALSE
	EndGlobalSection
	GlobalSection(ProjectConfigurationPlatforms) = postSolution
		{A0608995-F385-4015-9847-FC5D5B44EB97}.Debug|Any CPU.ActiveCfg = Debug|Any CPU
		{A0608995-F385-4015-9847-FC5D5B44EB97}.Debug|Any CPU.Build.0 = Debug|Any CPU
		{A0608995-F385-4015-9847-FC5D5B44EB97}.Debug|x64.ActiveCfg = Debug|Any CPU
		{A0608995-F385-4015-9847-FC5D5B44EB97}.Debug|x64.Build.0 = Debug|Any CPU
		{A0608995-F385-4015-9847-FC5D5B44EB97}.Debug|x86.ActiveCfg = Debug|Any CPU
		{A0608995-F385-4015-9847-FC5D5B44EB97}.Debug|x86.Build.0 = Debug|Any CPU
		{A0608995-F385-4015-9847-FC5D5B44EB97}.Release|Any CPU.ActiveCfg = Release|Any CPU
		{A0608995-F385-4015-9847-FC5D5B44EB97}.Release|Any CPU.Build.0 = Release|Any CPU
		{A0608995-F385-4015-9847-FC5D5B44EB97}.Release|x64.ActiveCfg = Release|Any CPU
		{A0608995-F385-4015-9847-FC5D5B44EB97}.Release|x64.Build.0 = Release|Any CPU
		{A0608995-F385-4015-9847-FC5D5B44EB97}.Release|x86.ActiveCfg = Release|Any CPU
		{A0608995-F385-4015-9847-FC5D5B44EB97}.Release|x86.Build.0 = Release|Any CPU
		{559C2247-285B-405E-9DC5-6A6C09FDC59E}.Debug|Any CPU.ActiveCfg = Debug|Any CPU
		{559C2247-285B-405E-9DC5-6A6C09FDC59E}.Debug|Any CPU.Build.0 = Debug|Any CPU
		{559C2247-285B-405E-9DC5-6A6C09FDC59E}.Debug|x64.ActiveCfg = Debug|Any CPU
		{559C2247-285B-405E-9DC5-6A6C09FDC59E}.Debug|x64.Build.0 = Debug|Any CPU
		{559C2247-285B-405E-9DC5-6A6C09FDC59E}.Debug|x86.ActiveCfg = Debug|Any CPU
		{559C2247-285B-405E-9DC5-6A6C09FDC59E}.Debug|x86.Build.0 = Debug|Any CPU
		{559C2247-285B-405E-9DC5-6A6C09FDC59E}.Release|Any CPU.ActiveCfg = Release|Any CPU
		{559C2247-285B-405E-9DC5-6A6C09FDC59E}.Release|Any CPU.Build.0 = Release|Any CPU
		{559C2247-285B-405E-9DC5-6A6C09FDC59E}.Release|x64.ActiveCfg = Release|Any CPU
		{559C2247-285B-405E-9DC5-6A6C09FDC59E}.Release|x64.Build.0 = Release|Any CPU
		{559C2247-285B-405E-9DC5-6A6C09FDC59E}.Release|x86.ActiveCfg = Release|Any CPU
		{559C2247-285B-405E-9DC5-6A6C09FDC59E}.Release|x86.Build.0 = Release|Any CPU
	EndGlobalSection
EndGlobal
